{
  "originHash" : "ce312237c7cff51f0a3fa7818eaeea10d54b82b6a63c9200b4aad3ec380914c6",
  "pins" : [
    {
      "identity" : "javascriptkit",
      "kind" : "remoteSourceControl",
      "location" : "https://github.com/swiftwasm/JavaScriptKit.git",
      "state" : {
        "branch" : "main",
        "revision" : "589b2d2039254f4fa4ab41d6af49bc362e9d8b45"
      }
    },
    {
      "identity" : "swift-dlmalloc",
      "kind" : "remoteSourceControl",
      "location" : "https://github.com/swiftwasm/swift-dlmalloc",
      "state" : {
        "branch" : "0.1.0",
        "revision" : "0c3838252811e5cbda50c31f6f8a289b95207b17"
      }
    },
    {
      "identity" : "swift-external-term-format",
      "kind" : "remoteSourceControl",
      "location" : "https://github.com/otp-interop/swift-external-term-format",
      "state" : {
        "branch" : "main",
        "revision" : "b6045dab587fcd1f5289983b0f16dd2ebfc13f63"
      }
    },
    {
      "identity" : "swift-syntax",
      "kind" : "remoteSourceControl",
      "location" : "https://github.com/swiftlang/swift-syntax",
      "state" : {
        "revision" : "0687f71944021d616d34d922343dcef086855920",
        "version" : "600.0.1"
      }
    }
  ],
  "version" : 3
}
